<?xml version="1.0" encoding="utf-8"?>
<Project ToolsVersion="4.0" xmlns="http://schemas.microsoft.com/developer/msbuild/2003">
  <ItemGroup>
    <Filter Include="Source Files">
      <UniqueIdentifier>{4FC737F1-C7A5-4376-A066-2A32D752A2FF}</UniqueIdentifier>
      <Extensions>cpp;c;cc;cxx;def;odl;idl;hpj;bat;asm;asmx</Extensions>
    </Filter>
    <Filter Include="Header Files">
      <UniqueIdentifier>{93995380-89BD-4b04-88EB-625FBE52EBFB}</UniqueIdentifier>
      <Extensions>h;hh;hpp;hxx;hm;inl;inc;xsd</Extensions>
    </Filter>
    <Filter Include="Resource Files">
      <UniqueIdentifier>{67DA6AB6-F800-4c08-8B7A-83BB121AAD01}</UniqueIdentifier>
      <Extensions>rc;ico;cur;bmp;dlg;rc2;rct;bin;rgs;gif;jpg;jpeg;jpe;resx;tiff;tif;png;wav;mfcribbon-ms</Extensions>
    </Filter>
    <Filter Include="Source Files\ImGUI">
      <UniqueIdentifier>{7d9c6776-0b0d-4e4a-834f-1bf73b4818a0}</UniqueIdentifier>
    </Filter>
    <Filter Include="Resource Files\Textures">
      <UniqueIdentifier>{2f380fbd-4592-4f70-940f-af40849d8e47}</UniqueIdentifier>
    </Filter>
    <Filter Include="Resource Files\Shaders">
      <UniqueIdentifier>{c6b1c6fd-168a-44cc-906f-d3e50a5b3c56}</UniqueIdentifier>
    </Filter>
  </ItemGroup>
  <ItemGroup>
    <ClCompile Include="main.cpp">
      <Filter>Source Files</Filter>
    </ClCompile>
    <ClCompile Include="WindowGLFW.cpp">
      <Filter>Source Files</Filter>
    </ClCompile>
    <ClCompile Include="..\ExternalLibs\src\glad.c">
      <Filter>Source Files</Filter>
    </ClCompile>
    <ClCompile Include="..\ExternalLibs\ImGUI\imgui.cpp">
      <Filter>Source Files\ImGUI</Filter>
    </ClCompile>
    <ClCompile Include="..\ExternalLibs\ImGUI\imgui_demo.cpp">
      <Filter>Source Files\ImGUI</Filter>
    </ClCompile>
    <ClCompile Include="..\ExternalLibs\ImGUI\imgui_draw.cpp">
      <Filter>Source Files\ImGUI</Filter>
    </ClCompile>
    <ClCompile Include="..\ExternalLibs\ImGUI\imgui_impl_glfw.cpp">
      <Filter>Source Files\ImGUI</Filter>
    </ClCompile>
    <ClCompile Include="..\ExternalLibs\ImGUI\imgui_impl_opengl3.cpp">
      <Filter>Source Files\ImGUI</Filter>
    </ClCompile>
    <ClCompile Include="..\ExternalLibs\ImGUI\imgui_widgets.cpp">
      <Filter>Source Files\ImGUI</Filter>
    </ClCompile>
    <ClCompile Include="ModelObject.cpp">
      <Filter>Source Files</Filter>
    </ClCompile>
    <ClCompile Include="ImageLoader.cpp">
      <Filter>Source Files</Filter>
    </ClCompile>
    <ClCompile Include="Shader.cpp">
      <Filter>Source Files</Filter>
    </ClCompile>
    <ClCompile Include="ErrorCheck.cpp">
      <Filter>Source Files</Filter>
    </ClCompile>
    <ClCompile Include="Texture.cpp">
      <Filter>Source Files</Filter>
    </ClCompile>
    <ClCompile Include="Player.cpp">
      <Filter>Source Files</Filter>
    </ClCompile>
    <ClCompile Include="WorldMap.cpp">
      <Filter>Source Files</Filter>
    </ClCompile>
    <ClCompile Include="Guards.cpp">
      <Filter>Source Files</Filter>
    </ClCompile>
    <ClCompile Include="Cake.cpp">
      <Filter>Source Files</Filter>
    </ClCompile>
    <ClCompile Include="GameState.cpp">
      <Filter>Source Files</Filter>
    </ClCompile>
    <ClCompile Include="MenuGame.cpp">
      <Filter>Source Files</Filter>
    </ClCompile>
    <ClCompile Include="StoneGame.cpp">
      <Filter>Source Files</Filter>
    </ClCompile>
  </ItemGroup>
  <ItemGroup>
    <ClInclude Include="WindowGLFW.h">
      <Filter>Header Files</Filter>
    </ClInclude>
    <ClInclude Include="..\ExternalLibs\ImGUI\imconfig.h">
      <Filter>Source Files\ImGUI</Filter>
    </ClInclude>
    <ClInclude Include="..\ExternalLibs\ImGUI\imgui.h">
      <Filter>Source Files\ImGUI</Filter>
    </ClInclude>
    <ClInclude Include="..\ExternalLibs\ImGUI\imgui_impl_glfw.h">
      <Filter>Source Files\ImGUI</Filter>
    </ClInclude>
    <ClInclude Include="..\ExternalLibs\ImGUI\imgui_impl_opengl3.h">
      <Filter>Source Files\ImGUI</Filter>
    </ClInclude>
    <ClInclude Include="..\ExternalLibs\ImGUI\imgui_internal.h">
      <Filter>Source Files\ImGUI</Filter>
    </ClInclude>
    <ClInclude Include="..\ExternalLibs\ImGUI\imstb_rectpack.h">
      <Filter>Source Files\ImGUI</Filter>
    </ClInclude>
    <ClInclude Include="..\ExternalLibs\ImGUI\imstb_textedit.h">
      <Filter>Source Files\ImGUI</Filter>
    </ClInclude>
    <ClInclude Include="..\ExternalLibs\ImGUI\imstb_truetype.h">
      <Filter>Source Files\ImGUI</Filter>
    </ClInclude>
    <ClInclude Include="ModelObject.h">
      <Filter>Header Files</Filter>
    </ClInclude>
    <ClInclude Include="ImageLoader.h">
      <Filter>Header Files</Filter>
    </ClInclude>
    <ClInclude Include="Shader.h">
      <Filter>Header Files</Filter>
    </ClInclude>
    <ClInclude Include="ErrorCheck.h">
      <Filter>Header Files</Filter>
    </ClInclude>
    <ClInclude Include="Texture.h">
      <Filter>Header Files</Filter>
    </ClInclude>
    <ClInclude Include="Player.h">
      <Filter>Header Files</Filter>
    </ClInclude>
    <ClInclude Include="WorldMap.h">
      <Filter>Header Files</Filter>
    </ClInclude>
    <ClInclude Include="Guards.h">
      <Filter>Header Files</Filter>
    </ClInclude>
    <ClInclude Include="Cake.h">
      <Filter>Header Files</Filter>
    </ClInclude>
    <ClInclude Include="GameState.h">
      <Filter>Header Files</Filter>
    </ClInclude>
    <ClInclude Include="MenuGame.h">
      <Filter>Header Files</Filter>
    </ClInclude>
    <ClInclude Include="StoneGame.h">
      <Filter>Header Files</Filter>
    </ClInclude>
  </ItemGroup>
  <ItemGroup>
    <Image Include="..\Textures\test.bmp">
      <Filter>Resource Files\Textures</Filter>
    </Image>
    <Image Include="..\Textures\geilesHerz.png">
      <Filter>Resource Files\Textures</Filter>
    </Image>
  </ItemGroup>
  <ItemGroup>
    <None Include="..\Shaders\FS_ShowMap.glsl">
      <Filter>Resource Files\Shaders</Filter>
    </None>
    <None Include="..\Shaders\VS_ShowMap.glsl">
      <Filter>Resource Files\Shaders</Filter>
    </None>
    <None Include="..\Shaders\FS_ShowPlayer.glsl">
      <Filter>Resource Files\Shaders</Filter>
    </None>
    <None Include="..\Shaders\VS_ShowPlayer.glsl">
      <Filter>Resource Files\Shaders</Filter>
    </None>
    <None Include="..\Shaders\FS_ShowGuard.glsl">
      <Filter>Resource Files\Shaders</Filter>
    </None>
    <None Include="..\Shaders\VS_ShowGuard.glsl">
      <Filter>Resource Files\Shaders</Filter>
    </None>
    <None Include="..\Shaders\FS_ShowGuardNoiseBar.glsl">
      <Filter>Resource Files\Shaders</Filter>
    </None>
    <None Include="..\Shaders\VS_ShowGuardNoiseBar.glsl">
      <Filter>Resource Files\Shaders</Filter>
    </None>
    <None Include="..\Shaders\FS_ShowCake.glsl">
      <Filter>Resource Files\Shaders</Filter>
    </None>
    <None Include="..\Shaders\VS_ShowCake.glsl">
      <Filter>Resource Files\Shaders</Filter>
    </None>
    <None Include="..\Shaders\FS_ShowMenu.glsl">
      <Filter>Resource Files\Shaders</Filter>
    </None>
    <None Include="..\Shaders\VS_ShowMenu.glsl">
      <Filter>Resource Files\Shaders</Filter>
    </None>
    <None Include="..\Shaders\FS_ShowMenuSelection.glsl">
      <Filter>Resource Files\Shaders</Filter>
    </None>
    <None Include="..\Shaders\VS_ShowMenuSelection.glsl">
      <Filter>Resource Files\Shaders</Filter>
    </None>
    <None Include="..\Shaders\FS_ShowStone.glsl">
      <Filter>Resource Files\Shaders</Filter>
    </None>
    <None Include="..\Shaders\VS_ShowStone.glsl">
      <Filter>Resource Files\Shaders</Filter>
    </None>
  </ItemGroup>
</Project>